
Microsoft Visual Studio Solution File, Format Version 12.00
# Visual Studio 15
Project("{FAE04EC0-301F-11D3-BF4B-00C04F79EFBC}") = "FuksiSimulaattori", "FuksiSimulaattori\FuksiSimulaattori.csproj", "{7A93B6E6-D336-426C-92E9-5FDA14D0F0AE}"
EndProject
Global
	GlobalSection(SolutionConfigurationPlatforms) = preSolution
		Debug|x86 = Debug|x86
		Release|x86 = Release|x86
	EndGlobalSection
	GlobalSection(ProjectConfigurationPlatforms) = postSolution
		{7A93B6E6-D336-426C-92E9-5FDA14D0F0AE}.Debug|x86.ActiveCfg = Debug|x86
		{7A93B6E6-D336-426C-92E9-5FDA14D0F0AE}.Debug|x86.Build.0 = Debug|x86
		{7A93B6E6-D336-426C-92E9-5FDA14D0F0AE}.Release|x86.ActiveCfg = Release|x86
		{7A93B6E6-D336-426C-92E9-5FDA14D0F0AE}.Release|x86.Build.0 = Release|x86
	EndGlobalSection
EndGlobal
